Microsoft Visual Studio Solution File, Format Version 11.00
# Visual Studio 2008

Project("{6AB5EEF1-225D-5C94-93A5-84FD95F2663F}") = "1001TD_Build_0.22 (09-02-2015)", "Assembly-CSharp-firstpass-vs.csproj", "{23C1E625-8E4F-B118-5743-342351FF4453}"
EndProject
Project("{6AB5EEF1-225D-5C94-93A5-84FD95F2663F}") = "1001TD_Build_0.22 (09-02-2015)", "Assembly-CSharp-vs.csproj", "{4221AEAB-ABB7-F335-45AF-68D85F1F91D9}"
EndProject
Global
	GlobalSection(SolutionConfigurationPlatforms) = preSolution
		Debug|Any CPU = Debug|Any CPU
		Release|Any CPU = Release|Any CPU
	EndGlobalSection
	GlobalSection(ProjectConfigurationPlatforms) = postSolution
		{23C1E625-8E4F-B118-5743-342351FF4453}.Debug|Any CPU.ActiveCfg = Debug|Any CPU
		{23C1E625-8E4F-B118-5743-342351FF4453}.Debug|Any CPU.Build.0 = Debug|Any CPU
		{23C1E625-8E4F-B118-5743-342351FF4453}.Release|Any CPU.ActiveCfg = Release|Any CPU
		{23C1E625-8E4F-B118-5743-342351FF4453}.Release|Any CPU.Build.0 = Release|Any CPU
		{4221AEAB-ABB7-F335-45AF-68D85F1F91D9}.Debug|Any CPU.ActiveCfg = Debug|Any CPU
		{4221AEAB-ABB7-F335-45AF-68D85F1F91D9}.Debug|Any CPU.Build.0 = Debug|Any CPU
		{4221AEAB-ABB7-F335-45AF-68D85F1F91D9}.Release|Any CPU.ActiveCfg = Release|Any CPU
		{4221AEAB-ABB7-F335-45AF-68D85F1F91D9}.Release|Any CPU.Build.0 = Release|Any CPU
	EndGlobalSection
	GlobalSection(SolutionProperties) = preSolution
		HideSolutionNode = FALSE
	EndGlobalSection
												GlobalSection(MonoDevelopProperties) = preSolution
		StartupItem = Assembly-CSharp.csproj
		Policies = $0
		$0.TextStylePolicy = $1
		$1.inheritsSet = null
		$1.scope = text/x-csharp
		$0.CSharpFormattingPolicy = $2
		$2.inheritsSet = Mono
		$2.inheritsScope = text/x-csharp
		$2.scope = text/x-csharp
		$0.TextStylePolicy = $3
		$3.FileWidth = 120
		$3.TabWidth = 4
		$3.EolMarker = Unix
		$3.inheritsSet = Mono
		$3.inheritsScope = text/plain
		$3.scope = text/plain
	EndGlobalSection

EndGlobal
