Microsoft Visual Studio Solution File, Format Version 11.00
# Visual Studio 2008

Project("{375A564D-AE4A-6584-1F4D-4684ED1C4C1A}") = "1001TD_Build_0.30 (03-03-2015)", "Assembly-CSharp-firstpass.csproj", "{9992B746-3604-25A9-8645-7DAB796956AB}"
EndProject
Project("{375A564D-AE4A-6584-1F4D-4684ED1C4C1A}") = "1001TD_Build_0.30 (03-03-2015)", "Assembly-CSharp.csproj", "{F501E9AC-52A2-A17D-756E-7CBA158A69D4}"
EndProject
Project("{375A564D-AE4A-6584-1F4D-4684ED1C4C1A}") = "1001TD_Build_0.30 (03-03-2015)", "Assembly-UnityScript-firstpass.unityproj", "{48CBE293-8D36-3683-06BD-81CBD64644B7}"
EndProject
Project("{375A564D-AE4A-6584-1F4D-4684ED1C4C1A}") = "1001TD_Build_0.30 (03-03-2015)", "Assembly-UnityScript.unityproj", "{E30311C4-C7E1-1101-B352-335E18FECF72}"
EndProject
Global
	GlobalSection(SolutionConfigurationPlatforms) = preSolution
		Debug|Any CPU = Debug|Any CPU
		Release|Any CPU = Release|Any CPU
	EndGlobalSection
	GlobalSection(ProjectConfigurationPlatforms) = postSolution
		{9992B746-3604-25A9-8645-7DAB796956AB}.Debug|Any CPU.ActiveCfg = Debug|Any CPU
		{9992B746-3604-25A9-8645-7DAB796956AB}.Debug|Any CPU.Build.0 = Debug|Any CPU
		{9992B746-3604-25A9-8645-7DAB796956AB}.Release|Any CPU.ActiveCfg = Release|Any CPU
		{9992B746-3604-25A9-8645-7DAB796956AB}.Release|Any CPU.Build.0 = Release|Any CPU
		{F501E9AC-52A2-A17D-756E-7CBA158A69D4}.Debug|Any CPU.ActiveCfg = Debug|Any CPU
		{F501E9AC-52A2-A17D-756E-7CBA158A69D4}.Debug|Any CPU.Build.0 = Debug|Any CPU
		{F501E9AC-52A2-A17D-756E-7CBA158A69D4}.Release|Any CPU.ActiveCfg = Release|Any CPU
		{F501E9AC-52A2-A17D-756E-7CBA158A69D4}.Release|Any CPU.Build.0 = Release|Any CPU
		{48CBE293-8D36-3683-06BD-81CBD64644B7}.Debug|Any CPU.ActiveCfg = Debug|Any CPU
		{48CBE293-8D36-3683-06BD-81CBD64644B7}.Debug|Any CPU.Build.0 = Debug|Any CPU
		{48CBE293-8D36-3683-06BD-81CBD64644B7}.Release|Any CPU.ActiveCfg = Release|Any CPU
		{48CBE293-8D36-3683-06BD-81CBD64644B7}.Release|Any CPU.Build.0 = Release|Any CPU
		{E30311C4-C7E1-1101-B352-335E18FECF72}.Debug|Any CPU.ActiveCfg = Debug|Any CPU
		{E30311C4-C7E1-1101-B352-335E18FECF72}.Debug|Any CPU.Build.0 = Debug|Any CPU
		{E30311C4-C7E1-1101-B352-335E18FECF72}.Release|Any CPU.ActiveCfg = Release|Any CPU
		{E30311C4-C7E1-1101-B352-335E18FECF72}.Release|Any CPU.Build.0 = Release|Any CPU
	EndGlobalSection
	GlobalSection(SolutionProperties) = preSolution
		HideSolutionNode = FALSE
	EndGlobalSection
	GlobalSection(MonoDevelopProperties) = preSolution
		StartupItem = Assembly-CSharp.csproj
		Policies = $0
		$0.TextStylePolicy = $1
		$1.inheritsSet = null
		$1.scope = text/x-csharp
		$0.CSharpFormattingPolicy = $2
		$2.inheritsSet = Mono
		$2.inheritsScope = text/x-csharp
		$2.scope = text/x-csharp
		$0.TextStylePolicy = $3
		$3.FileWidth = 120
		$3.TabWidth = 4
		$3.EolMarker = Unix
		$3.inheritsSet = Mono
		$3.inheritsScope = text/plain
		$3.scope = text/plain
	EndGlobalSection
EndGlobal
